
Microsoft Visual Studio Solution File, Format Version 12.00
# Visual Studio Version 17
VisualStudioVersion = 17.0.31903.59
MinimumVisualStudioVersion = 10.0.40219.1
Project("{9A19103F-16F7-4668-BE54-9A1E7A4F7556}") = "WeatherStationApp", "WeatherStationApp\WeatherStationApp.csproj", "{A917F9D2-6210-46C8-9822-914C3962B086}"
EndProject
Project("{2150E333-8FDC-42A3-9474-1A3956D46DE8}") = "Solution Items", "Solution Items", "{5F1BE4FD-D248-494D-87EA-13604F361D8D}"
	ProjectSection(SolutionItems) = preProject
		Tutorial\Tutorial - Blazor e MSAL.md = Tutorial\Tutorial - Blazor e MSAL.md
	EndProjectSection
EndProject
Global
	GlobalSection(SolutionConfigurationPlatforms) = preSolution
		Debug|Any CPU = Debug|Any CPU
		Debug|x64 = Debug|x64
		Debug|x86 = Debug|x86
		Release|Any CPU = Release|Any CPU
		Release|x64 = Release|x64
		Release|x86 = Release|x86
	EndGlobalSection
	GlobalSection(ProjectConfigurationPlatforms) = postSolution
		{A917F9D2-6210-46C8-9822-914C3962B086}.Debug|Any CPU.ActiveCfg = Debug|Any CPU
		{A917F9D2-6210-46C8-9822-914C3962B086}.Debug|Any CPU.Build.0 = Debug|Any CPU
		{A917F9D2-6210-46C8-9822-914C3962B086}.Debug|x64.ActiveCfg = Debug|Any CPU
		{A917F9D2-6210-46C8-9822-914C3962B086}.Debug|x64.Build.0 = Debug|Any CPU
		{A917F9D2-6210-46C8-9822-914C3962B086}.Debug|x86.ActiveCfg = Debug|Any CPU
		{A917F9D2-6210-46C8-9822-914C3962B086}.Debug|x86.Build.0 = Debug|Any CPU
		{A917F9D2-6210-46C8-9822-914C3962B086}.Release|Any CPU.ActiveCfg = Release|Any CPU
		{A917F9D2-6210-46C8-9822-914C3962B086}.Release|Any CPU.Build.0 = Release|Any CPU
		{A917F9D2-6210-46C8-9822-914C3962B086}.Release|x64.ActiveCfg = Release|Any CPU
		{A917F9D2-6210-46C8-9822-914C3962B086}.Release|x64.Build.0 = Release|Any CPU
		{A917F9D2-6210-46C8-9822-914C3962B086}.Release|x86.ActiveCfg = Release|Any CPU
		{A917F9D2-6210-46C8-9822-914C3962B086}.Release|x86.Build.0 = Release|Any CPU
	EndGlobalSection
	GlobalSection(SolutionProperties) = preSolution
		HideSolutionNode = FALSE
	EndGlobalSection
	GlobalSection(ExtensibilityGlobals) = postSolution
		SolutionGuid = {DA127481-4C68-42FA-9E69-39386B47BBAC}
	EndGlobalSection
EndGlobal
